
Microsoft Visual Studio Solution File, Format Version 12.00
# Visual Studio 14
VisualStudioVersion = 14.0.25420.1
MinimumVisualStudioVersion = 10.0.40219.1
Project("{FAE04EC0-301F-11D3-BF4B-00C04F79EFBC}") = "WorkoutApp", "WorkoutApp\WorkoutApp.csproj", "{22578DC3-553D-4641-9736-01B901C42A20}"
EndProject
Project("{FAE04EC0-301F-11D3-BF4B-00C04F79EFBC}") = "WorkoutApp.tests", "WorkoutApp.Tests\WorkoutApp.tests.csproj", "{66D39C08-CDA3-42B4-A66A-CDBF4BA40D82}"
EndProject
Global
	GlobalSection(SolutionConfigurationPlatforms) = preSolution
		Debug|Any CPU = Debug|Any CPU
		Release|Any CPU = Release|Any CPU
	EndGlobalSection
	GlobalSection(ProjectConfigurationPlatforms) = postSolution
		{22578DC3-553D-4641-9736-01B901C42A20}.Debug|Any CPU.ActiveCfg = Debug|Any CPU
		{22578DC3-553D-4641-9736-01B901C42A20}.Debug|Any CPU.Build.0 = Debug|Any CPU
		{22578DC3-553D-4641-9736-01B901C42A20}.Release|Any CPU.ActiveCfg = Release|Any CPU
		{22578DC3-553D-4641-9736-01B901C42A20}.Release|Any CPU.Build.0 = Release|Any CPU
		{66D39C08-CDA3-42B4-A66A-CDBF4BA40D82}.Debug|Any CPU.ActiveCfg = Debug|Any CPU
		{66D39C08-CDA3-42B4-A66A-CDBF4BA40D82}.Debug|Any CPU.Build.0 = Debug|Any CPU
		{66D39C08-CDA3-42B4-A66A-CDBF4BA40D82}.Release|Any CPU.ActiveCfg = Release|Any CPU
		{66D39C08-CDA3-42B4-A66A-CDBF4BA40D82}.Release|Any CPU.Build.0 = Release|Any CPU
	EndGlobalSection
	GlobalSection(SolutionProperties) = preSolution
		HideSolutionNode = FALSE
	EndGlobalSection
EndGlobal
